
Microsoft Visual Studio Solution File, Format Version 12.00
# Visual Studio Version 16
VisualStudioVersion = 16.0.30717.126
MinimumVisualStudioVersion = 10.0.40219.1
Project("{9A19103F-16F7-4668-BE54-9A1E7A4F7556}") = "SpringComp.Extensions.StaticWebApps", "Functions.Extensions.StaticWebApps\SpringComp.Extensions.StaticWebApps.csproj", "{8DFB05D6-C3D3-4B8F-BDA5-8FE73E1E1E05}"
EndProject
Global
	GlobalSection(SolutionConfigurationPlatforms) = preSolution
		Debug|Any CPU = Debug|Any CPU
		Release|Any CPU = Release|Any CPU
	EndGlobalSection
	GlobalSection(ProjectConfigurationPlatforms) = postSolution
		{8DFB05D6-C3D3-4B8F-BDA5-8FE73E1E1E05}.Debug|Any CPU.ActiveCfg = Debug|Any CPU
		{8DFB05D6-C3D3-4B8F-BDA5-8FE73E1E1E05}.Debug|Any CPU.Build.0 = Debug|Any CPU
		{8DFB05D6-C3D3-4B8F-BDA5-8FE73E1E1E05}.Release|Any CPU.ActiveCfg = Release|Any CPU
		{8DFB05D6-C3D3-4B8F-BDA5-8FE73E1E1E05}.Release|Any CPU.Build.0 = Release|Any CPU
	EndGlobalSection
	GlobalSection(SolutionProperties) = preSolution
		HideSolutionNode = FALSE
	EndGlobalSection
	GlobalSection(ExtensibilityGlobals) = postSolution
		SolutionGuid = {EB842FD4-F5A5-46B9-A66F-F6604B0705E6}
	EndGlobalSection
EndGlobal
